
Microsoft Visual Studio Solution File, Format Version 12.00
# Visual Studio Version 17
VisualStudioVersion = 17.0.31903.59
MinimumVisualStudioVersion = 10.0.40219.1
Project("{2150E333-8FDC-42A3-9474-1A3956D46DE8}") = "tests", "tests", "{08F50F41-3A81-4ED6-A688-1CE1695F9888}"
EndProject
Project("{FAE04EC0-301F-11D3-BF4B-00C04F79EFBC}") = "DatesErp.Tests", "tests\DatesErp.Tests\DatesErp.Tests.csproj", "{B4984A2F-C428-46B0-9B9A-A97C7AE284DF}"
EndProject
Project("{2150E333-8FDC-42A3-9474-1A3956D46DE8}") = "src", "src", "{33C171C0-E672-4B4A-BE30-E5638CC8B281}"
EndProject
Project("{FAE04EC0-301F-11D3-BF4B-00C04F79EFBC}") = "DatesErp.Desktop", "src\DatesErp.Desktop\DatesErp.Desktop.csproj", "{F7C39EC2-1A7C-4DCE-9F14-8A7A020CE1C8}"
EndProject
Project("{FAE04EC0-301F-11D3-BF4B-00C04F79EFBC}") = "DatesErp.Core", "src\DatesErp.Core\DatesErp.Core.csproj", "{5B2D723C-F92B-4799-8E7A-CCAEFB749A64}"
EndProject
Project("{FAE04EC0-301F-11D3-BF4B-00C04F79EFBC}") = "DatesErp.Application", "src\DatesErp.Application\DatesErp.Application.csproj", "{8B39F2A8-D5FA-4CE5-8C2D-856F6220E9CB}"
EndProject
Project("{FAE04EC0-301F-11D3-BF4B-00C04F79EFBC}") = "DatesErp.Infrastructure", "src\DatesErp.Infrastructure\DatesErp.Infrastructure.csproj", "{5B5C42C4-612D-428F-B6CB-1D685CD07459}"
EndProject
Project("{2150E333-8FDC-42A3-9474-1A3956D46DE8}") = "tools", "tools", "{FFF0B38D-EBEB-4690-8CF2-7855F84BFFEE}"
EndProject
Project("{FAE04EC0-301F-11D3-BF4B-00C04F79EFBC}") = "AcceptanceRunner", "tools\AcceptanceRunner\AcceptanceRunner.csproj", "{D6C67F1C-0404-408C-9F71-5BDFBD0F1697}"
EndProject
Project("{2150E333-8FDC-42A3-9474-1A3956D46DE8}") = "audit", "audit", "{82218483-20D2-4C2C-AFCC-0F3926916F7C}"
EndProject
Project("{FAE04EC0-301F-11D3-BF4B-00C04F79EFBC}") = "UnitRuleAudit", "audit\UnitRuleAudit\UnitRuleAudit.csproj", "{99C5FC32-4378-4889-B69B-2291B41E09EF}"
EndProject
Project("{FAE04EC0-301F-11D3-BF4B-00C04F79EFBC}") = "ReceivingWpfSmoke", "tools\ReceivingWpfSmoke\ReceivingWpfSmoke.csproj", "{7977D3B4-8C23-4A03-9017-28605BFE9CAD}"
EndProject
Project("{FAE04EC0-301F-11D3-BF4B-00C04F79EFBC}") = "PrintWpfSmoke", "tools\PrintWpfSmoke\PrintWpfSmoke.csproj", "{591104B9-CF44-440B-B36C-B1A5DB37530B}"
EndProject
Project("{FAE04EC0-301F-11D3-BF4B-00C04F79EFBC}") = "PlanningCapacityWpfSmoke", "tools\PlanningCapacityWpfSmoke\PlanningCapacityWpfSmoke.csproj", "{21666083-4B8A-41D6-B5BD-1EBD673E82C2}"
EndProject
Project("{FAE04EC0-301F-11D3-BF4B-00C04F79EFBC}") = "PlanningAcceptance", "tools\PlanningAcceptance\PlanningAcceptance.csproj", "{85B6F135-29D7-48AD-BCDC-9B3275AECB12}"
EndProject
Project("{FAE04EC0-301F-11D3-BF4B-00C04F79EFBC}") = "TodayOrdersWpfSmoke", "tools\TodayOrdersWpfSmoke\TodayOrdersWpfSmoke.csproj", "{9C1E6FA8-187A-47CC-A4F6-6F6C5EBC3C5A}"
EndProject
Project("{FAE04EC0-301F-11D3-BF4B-00C04F79EFBC}") = "ActualDeliveryWpfSmoke", "tools\ActualDeliveryWpfSmoke\ActualDeliveryWpfSmoke.csproj", "{A72DB436-DC6F-468C-BD39-D8A5292255D4}"
EndProject
Global
	GlobalSection(SolutionConfigurationPlatforms) = preSolution
		Debug|Any CPU = Debug|Any CPU
		Release|Any CPU = Release|Any CPU
	EndGlobalSection
	GlobalSection(SolutionProperties) = preSolution
		HideSolutionNode = FALSE
	EndGlobalSection
	GlobalSection(ProjectConfigurationPlatforms) = postSolution
		{B4984A2F-C428-46B0-9B9A-A97C7AE284DF}.Debug|Any CPU.ActiveCfg = Debug|Any CPU
		{B4984A2F-C428-46B0-9B9A-A97C7AE284DF}.Debug|Any CPU.Build.0 = Debug|Any CPU
		{B4984A2F-C428-46B0-9B9A-A97C7AE284DF}.Release|Any CPU.ActiveCfg = Release|Any CPU
		{B4984A2F-C428-46B0-9B9A-A97C7AE284DF}.Release|Any CPU.Build.0 = Release|Any CPU
		{F7C39EC2-1A7C-4DCE-9F14-8A7A020CE1C8}.Debug|Any CPU.ActiveCfg = Debug|Any CPU
		{F7C39EC2-1A7C-4DCE-9F14-8A7A020CE1C8}.Debug|Any CPU.Build.0 = Debug|Any CPU
		{F7C39EC2-1A7C-4DCE-9F14-8A7A020CE1C8}.Release|Any CPU.ActiveCfg = Release|Any CPU
		{F7C39EC2-1A7C-4DCE-9F14-8A7A020CE1C8}.Release|Any CPU.Build.0 = Release|Any CPU
		{5B2D723C-F92B-4799-8E7A-CCAEFB749A64}.Debug|Any CPU.ActiveCfg = Debug|Any CPU
		{5B2D723C-F92B-4799-8E7A-CCAEFB749A64}.Debug|Any CPU.Build.0 = Debug|Any CPU
		{5B2D723C-F92B-4799-8E7A-CCAEFB749A64}.Release|Any CPU.ActiveCfg = Release|Any CPU
		{5B2D723C-F92B-4799-8E7A-CCAEFB749A64}.Release|Any CPU.Build.0 = Release|Any CPU
		{8B39F2A8-D5FA-4CE5-8C2D-856F6220E9CB}.Debug|Any CPU.ActiveCfg = Debug|Any CPU
		{8B39F2A8-D5FA-4CE5-8C2D-856F6220E9CB}.Debug|Any CPU.Build.0 = Debug|Any CPU
		{8B39F2A8-D5FA-4CE5-8C2D-856F6220E9CB}.Release|Any CPU.ActiveCfg = Release|Any CPU
		{8B39F2A8-D5FA-4CE5-8C2D-856F6220E9CB}.Release|Any CPU.Build.0 = Release|Any CPU
		{5B5C42C4-612D-428F-B6CB-1D685CD07459}.Debug|Any CPU.ActiveCfg = Debug|Any CPU
		{5B5C42C4-612D-428F-B6CB-1D685CD07459}.Debug|Any CPU.Build.0 = Debug|Any CPU
		{5B5C42C4-612D-428F-B6CB-1D685CD07459}.Release|Any CPU.ActiveCfg = Release|Any CPU
		{5B5C42C4-612D-428F-B6CB-1D685CD07459}.Release|Any CPU.Build.0 = Release|Any CPU
		{D6C67F1C-0404-408C-9F71-5BDFBD0F1697}.Debug|Any CPU.ActiveCfg = Debug|Any CPU
		{D6C67F1C-0404-408C-9F71-5BDFBD0F1697}.Debug|Any CPU.Build.0 = Debug|Any CPU
		{D6C67F1C-0404-408C-9F71-5BDFBD0F1697}.Release|Any CPU.ActiveCfg = Release|Any CPU
		{D6C67F1C-0404-408C-9F71-5BDFBD0F1697}.Release|Any CPU.Build.0 = Release|Any CPU
		{99C5FC32-4378-4889-B69B-2291B41E09EF}.Debug|Any CPU.ActiveCfg = Debug|Any CPU
		{99C5FC32-4378-4889-B69B-2291B41E09EF}.Debug|Any CPU.Build.0 = Debug|Any CPU
		{99C5FC32-4378-4889-B69B-2291B41E09EF}.Release|Any CPU.ActiveCfg = Release|Any CPU
		{99C5FC32-4378-4889-B69B-2291B41E09EF}.Release|Any CPU.Build.0 = Release|Any CPU
		{7977D3B4-8C23-4A03-9017-28605BFE9CAD}.Debug|Any CPU.ActiveCfg = Debug|Any CPU
		{7977D3B4-8C23-4A03-9017-28605BFE9CAD}.Debug|Any CPU.Build.0 = Debug|Any CPU
		{7977D3B4-8C23-4A03-9017-28605BFE9CAD}.Release|Any CPU.ActiveCfg = Release|Any CPU
		{7977D3B4-8C23-4A03-9017-28605BFE9CAD}.Release|Any CPU.Build.0 = Release|Any CPU
		{591104B9-CF44-440B-B36C-B1A5DB37530B}.Debug|Any CPU.ActiveCfg = Debug|Any CPU
		{591104B9-CF44-440B-B36C-B1A5DB37530B}.Debug|Any CPU.Build.0 = Debug|Any CPU
		{591104B9-CF44-440B-B36C-B1A5DB37530B}.Release|Any CPU.ActiveCfg = Release|Any CPU
		{591104B9-CF44-440B-B36C-B1A5DB37530B}.Release|Any CPU.Build.0 = Release|Any CPU
		{21666083-4B8A-41D6-B5BD-1EBD673E82C2}.Debug|Any CPU.ActiveCfg = Debug|Any CPU
		{21666083-4B8A-41D6-B5BD-1EBD673E82C2}.Debug|Any CPU.Build.0 = Debug|Any CPU
		{21666083-4B8A-41D6-B5BD-1EBD673E82C2}.Release|Any CPU.ActiveCfg = Release|Any CPU
		{21666083-4B8A-41D6-B5BD-1EBD673E82C2}.Release|Any CPU.Build.0 = Release|Any CPU
		{85B6F135-29D7-48AD-BCDC-9B3275AECB12}.Debug|Any CPU.ActiveCfg = Debug|Any CPU
		{85B6F135-29D7-48AD-BCDC-9B3275AECB12}.Debug|Any CPU.Build.0 = Debug|Any CPU
		{85B6F135-29D7-48AD-BCDC-9B3275AECB12}.Release|Any CPU.ActiveCfg = Release|Any CPU
		{85B6F135-29D7-48AD-BCDC-9B3275AECB12}.Release|Any CPU.Build.0 = Release|Any CPU
		{9C1E6FA8-187A-47CC-A4F6-6F6C5EBC3C5A}.Debug|Any CPU.ActiveCfg = Debug|Any CPU
		{9C1E6FA8-187A-47CC-A4F6-6F6C5EBC3C5A}.Debug|Any CPU.Build.0 = Debug|Any CPU
		{9C1E6FA8-187A-47CC-A4F6-6F6C5EBC3C5A}.Release|Any CPU.ActiveCfg = Release|Any CPU
		{9C1E6FA8-187A-47CC-A4F6-6F6C5EBC3C5A}.Release|Any CPU.Build.0 = Release|Any CPU
		{A72DB436-DC6F-468C-BD39-D8A5292255D4}.Debug|Any CPU.ActiveCfg = Debug|Any CPU
		{A72DB436-DC6F-468C-BD39-D8A5292255D4}.Debug|Any CPU.Build.0 = Debug|Any CPU
		{A72DB436-DC6F-468C-BD39-D8A5292255D4}.Release|Any CPU.ActiveCfg = Release|Any CPU
		{A72DB436-DC6F-468C-BD39-D8A5292255D4}.Release|Any CPU.Build.0 = Release|Any CPU
	EndGlobalSection
	GlobalSection(NestedProjects) = preSolution
		{B4984A2F-C428-46B0-9B9A-A97C7AE284DF} = {08F50F41-3A81-4ED6-A688-1CE1695F9888}
		{F7C39EC2-1A7C-4DCE-9F14-8A7A020CE1C8} = {33C171C0-E672-4B4A-BE30-E5638CC8B281}
		{5B2D723C-F92B-4799-8E7A-CCAEFB749A64} = {33C171C0-E672-4B4A-BE30-E5638CC8B281}
		{8B39F2A8-D5FA-4CE5-8C2D-856F6220E9CB} = {33C171C0-E672-4B4A-BE30-E5638CC8B281}
		{5B5C42C4-612D-428F-B6CB-1D685CD07459} = {33C171C0-E672-4B4A-BE30-E5638CC8B281}
		{D6C67F1C-0404-408C-9F71-5BDFBD0F1697} = {FFF0B38D-EBEB-4690-8CF2-7855F84BFFEE}
		{99C5FC32-4378-4889-B69B-2291B41E09EF} = {82218483-20D2-4C2C-AFCC-0F3926916F7C}
		{7977D3B4-8C23-4A03-9017-28605BFE9CAD} = {FFF0B38D-EBEB-4690-8CF2-7855F84BFFEE}
		{591104B9-CF44-440B-B36C-B1A5DB37530B} = {FFF0B38D-EBEB-4690-8CF2-7855F84BFFEE}
		{21666083-4B8A-41D6-B5BD-1EBD673E82C2} = {FFF0B38D-EBEB-4690-8CF2-7855F84BFFEE}
		{85B6F135-29D7-48AD-BCDC-9B3275AECB12} = {FFF0B38D-EBEB-4690-8CF2-7855F84BFFEE}
		{9C1E6FA8-187A-47CC-A4F6-6F6C5EBC3C5A} = {FFF0B38D-EBEB-4690-8CF2-7855F84BFFEE}
		{A72DB436-DC6F-468C-BD39-D8A5292255D4} = {FFF0B38D-EBEB-4690-8CF2-7855F84BFFEE}
	EndGlobalSection
EndGlobal
